{
    "_meta": {
        "hash": {
            "sha256": "9cc5a1ab4e5d3367f7e6c1a22bccfec1f1980537d45877355c3839dcc820352f"
        },
        "pipfile-spec": 6,
        "requires": {
            "python_version": "3.8"
        },
        "sources": [
            {
                "name": "pypi",
                "url": "https://pypi.org/simple",
                "verify_ssl": true
            }
        ]
    },
    "default": {
        "pysimplegui": {
            "hashes": [
                "sha256:65055716b7669c0dcba379d48a59cecdd106b5c5b327541cbc5fbe7d4efca7bd",
                "sha256:770d5419a7a01c1889a5e789a2fed60987e5639058e6375b41ac69a5408c855d"
            ],
            "index": "pypi",
            "version": "==4.35.0"
        },
        "routeros-api": {
            "git": "https://github.com/mario7dujmovic/RouterOS-api.git",
            "ref": "535e10ad2dd1f05d5fddfeac664739018c5c67cb"
        },
        "six": {
            "hashes": [
                "sha256:30639c035cdb23534cd4aa2dd52c3bf48f06e5f4a941509c8bafd8ce11080259",
                "sha256:8b74bedcbbbaca38ff6d7491d76f2b06b3592611af620f8426e82dddb04a5ced"
            ],
            "markers": "python_version >= '2.7' and python_version not in '3.0, 3.1, 3.2, 3.3'",
            "version": "==1.15.0"
        }
    },
    "develop": {}
}
